
Microsoft Visual Studio Solution File, Format Version 12.00
# Visual Studio 14
VisualStudioVersion = 14.0.24720.0
MinimumVisualStudioVersion = 10.0.40219.1
Project("{FAE04EC0-301F-11D3-BF4B-00C04F79EFBC}") = "InterviewTrainnerSystem.Web", "InterviewTrainnerSystem.Web\InterviewTrainnerSystem.Web.csproj", "{1A624573-B185-4BC1-8753-7E9845A41D51}"
EndProject
Project("{FAE04EC0-301F-11D3-BF4B-00C04F79EFBC}") = "InterviewTrainnerSystem.Common", "InterviewTrainnerSystem.Common\InterviewTrainnerSystem.Common.csproj", "{11B0B392-6B0D-46D3-B86D-1FE4B4F1B26D}"
EndProject
Global
	GlobalSection(SolutionConfigurationPlatforms) = preSolution
		Debug|Any CPU = Debug|Any CPU
		Release|Any CPU = Release|Any CPU
	EndGlobalSection
	GlobalSection(ProjectConfigurationPlatforms) = postSolution
		{1A624573-B185-4BC1-8753-7E9845A41D51}.Debug|Any CPU.ActiveCfg = Debug|Any CPU
		{1A624573-B185-4BC1-8753-7E9845A41D51}.Debug|Any CPU.Build.0 = Debug|Any CPU
		{1A624573-B185-4BC1-8753-7E9845A41D51}.Release|Any CPU.ActiveCfg = Release|Any CPU
		{1A624573-B185-4BC1-8753-7E9845A41D51}.Release|Any CPU.Build.0 = Release|Any CPU
		{11B0B392-6B0D-46D3-B86D-1FE4B4F1B26D}.Debug|Any CPU.ActiveCfg = Debug|Any CPU
		{11B0B392-6B0D-46D3-B86D-1FE4B4F1B26D}.Debug|Any CPU.Build.0 = Debug|Any CPU
		{11B0B392-6B0D-46D3-B86D-1FE4B4F1B26D}.Release|Any CPU.ActiveCfg = Release|Any CPU
		{11B0B392-6B0D-46D3-B86D-1FE4B4F1B26D}.Release|Any CPU.Build.0 = Release|Any CPU
	EndGlobalSection
	GlobalSection(SolutionProperties) = preSolution
		HideSolutionNode = FALSE
	EndGlobalSection
EndGlobal
